
Microsoft Visual Studio Solution File, Format Version 12.00
# Visual Studio Version 16
VisualStudioVersion = 16.0.29123.88
MinimumVisualStudioVersion = 10.0.40219.1
Project("{FAE04EC0-301F-11D3-BF4B-00C04F79EFBC}") = "InventoryServicesFunc", "InventoryServicesFunc.csproj", "{F5323A1D-28AC-47F8-A376-5CE83E825FFB}"
EndProject
Project("{FAE04EC0-301F-11D3-BF4B-00C04F79EFBC}") = "Microsoft.Libraries.Training.InventorySystem", "..\Microsoft.Libraries.Training.InventorySystem\Microsoft.Libraries.Training.InventorySystem.csproj", "{C9731121-CBD9-4842-AD9C-A8BEEF69A5F7}"
EndProject
Global
	GlobalSection(SolutionConfigurationPlatforms) = preSolution
		Debug|Any CPU = Debug|Any CPU
		Release|Any CPU = Release|Any CPU
	EndGlobalSection
	GlobalSection(ProjectConfigurationPlatforms) = postSolution
		{F5323A1D-28AC-47F8-A376-5CE83E825FFB}.Debug|Any CPU.ActiveCfg = Debug|Any CPU
		{F5323A1D-28AC-47F8-A376-5CE83E825FFB}.Debug|Any CPU.Build.0 = Debug|Any CPU
		{F5323A1D-28AC-47F8-A376-5CE83E825FFB}.Release|Any CPU.ActiveCfg = Release|Any CPU
		{F5323A1D-28AC-47F8-A376-5CE83E825FFB}.Release|Any CPU.Build.0 = Release|Any CPU
		{C9731121-CBD9-4842-AD9C-A8BEEF69A5F7}.Debug|Any CPU.ActiveCfg = Debug|Any CPU
		{C9731121-CBD9-4842-AD9C-A8BEEF69A5F7}.Debug|Any CPU.Build.0 = Debug|Any CPU
		{C9731121-CBD9-4842-AD9C-A8BEEF69A5F7}.Release|Any CPU.ActiveCfg = Release|Any CPU
		{C9731121-CBD9-4842-AD9C-A8BEEF69A5F7}.Release|Any CPU.Build.0 = Release|Any CPU
	EndGlobalSection
	GlobalSection(SolutionProperties) = preSolution
		HideSolutionNode = FALSE
	EndGlobalSection
	GlobalSection(ExtensibilityGlobals) = postSolution
		SolutionGuid = {744EDA31-C65F-4263-A6B8-44EDE1999777}
	EndGlobalSection
EndGlobal
